
Microsoft Visual Studio Solution File, Format Version 12.00
# Visual Studio Version 17
VisualStudioVersion = 17.6.33815.320
MinimumVisualStudioVersion = 10.0.40219.1
Project("{FAE04EC0-301F-11D3-BF4B-00C04F79EFBC}") = "DavidExercise", "DavidExercise\DavidExercise.csproj", "{00A907CD-A02D-48F5-8574-7E7BE66C49FE}"
EndProject
Global
	GlobalSection(SolutionConfigurationPlatforms) = preSolution
		Debug|Any CPU = Debug|Any CPU
		Release|Any CPU = Release|Any CPU
	EndGlobalSection
	GlobalSection(ProjectConfigurationPlatforms) = postSolution
		{00A907CD-A02D-48F5-8574-7E7BE66C49FE}.Debug|Any CPU.ActiveCfg = Debug|Any CPU
		{00A907CD-A02D-48F5-8574-7E7BE66C49FE}.Debug|Any CPU.Build.0 = Debug|Any CPU
		{00A907CD-A02D-48F5-8574-7E7BE66C49FE}.Release|Any CPU.ActiveCfg = Release|Any CPU
		{00A907CD-A02D-48F5-8574-7E7BE66C49FE}.Release|Any CPU.Build.0 = Release|Any CPU
	EndGlobalSection
	GlobalSection(SolutionProperties) = preSolution
		HideSolutionNode = FALSE
	EndGlobalSection
	GlobalSection(ExtensibilityGlobals) = postSolution
		SolutionGuid = {177F3596-2E37-4756-99C5-49ABDE2FD490}
	EndGlobalSection
EndGlobal
